# This file is automatically @generated by Cargo.
# It is not intended for manual editing.
version = 4

[[package]]
name = "day-01a-historian-hysteria"
version = "0.1.0"

[[package]]
name = "day-01b-historian-hysteria"
version = "0.1.0"

[[package]]
name = "day-02a-red-nosed-reports"
version = "0.1.0"

[[package]]
name = "day-02b-red-nosed-reports"
version = "0.1.0"

[[package]]
name = "day-03a-mull-it-over"
version = "0.1.0"

[[package]]
name = "day-03b-mull-it-over"
version = "0.1.0"
